Microsoft Visual Studio Solution File, Format Version 12.00
# Visual Studio 15
VisualStudioVersion = 15.0.26403.7
MinimumVisualStudioVersion = 10.0.40219.1
Project("{D954291E-2A0B-460D-934E-DC6B0785DB48}") = "MasterDetail", "Forms\MasterDetail.shproj", "{E7853EB0-71DD-4DE7-BE83-064F7706488E}"
EndProject
Project("{FAE04EC0-301F-11D3-BF4B-00C04F79EFBC}") = "MasterDetail.App.iOS", "iOS\MasterDetail.App.iOS.csproj", "{CFEA25DF-A103-4DF2-937E-BD97DDE57680}"
EndProject
Project("{FAE04EC0-301F-11D3-BF4B-00C04F79EFBC}") = "MasterDetail.App.Android", "Droid\MasterDetail.App.Android.csproj", "{C9B3C591-145B-4237-B978-183A26FA0048}"
EndProject
Global
	GlobalSection(SharedMSBuildProjectFiles) = preSolution
		Forms\Forms.projitems*{c9b3c591-145b-4237-b978-183a26fa0048}*SharedItemsImports = 4
		Forms\Forms.projitems*{cfea25df-a103-4df2-937e-bd97dde57680}*SharedItemsImports = 4
		Forms\Forms.projitems*{e7853eb0-71dd-4de7-be83-064f7706488e}*SharedItemsImports = 13
	EndGlobalSection
	GlobalSection(SolutionConfigurationPlatforms) = preSolution
		Debug|Any CPU = Debug|Any CPU
		Debug|ARM = Debug|ARM
		Debug|iPhone = Debug|iPhone
		Debug|iPhoneSimulator = Debug|iPhoneSimulator
		Debug|x64 = Debug|x64
		Debug|x86 = Debug|x86
		Release|Any CPU = Release|Any CPU
		Release|ARM = Release|ARM
		Release|iPhone = Release|iPhone
		Release|iPhoneSimulator = Release|iPhoneSimulator
		Release|x64 = Release|x64
		Release|x86 = Release|x86
	EndGlobalSection
	GlobalSection(ProjectConfigurationPlatforms) = postSolution
		{CFEA25DF-A103-4DF2-937E-BD97DDE57680}.Debug|Any CPU.ActiveCfg = Debug|iPhoneSimulator
		{CFEA25DF-A103-4DF2-937E-BD97DDE57680}.Debug|ARM.ActiveCfg = Debug|iPhone
		{CFEA25DF-A103-4DF2-937E-BD97DDE57680}.Debug|iPhone.ActiveCfg = Debug|iPhone
		{CFEA25DF-A103-4DF2-937E-BD97DDE57680}.Debug|iPhone.Build.0 = Debug|iPhone
		{CFEA25DF-A103-4DF2-937E-BD97DDE57680}.Debug|iPhoneSimulator.ActiveCfg = Debug|iPhoneSimulator
		{CFEA25DF-A103-4DF2-937E-BD97DDE57680}.Debug|iPhoneSimulator.Build.0 = Debug|iPhoneSimulator
		{CFEA25DF-A103-4DF2-937E-BD97DDE57680}.Debug|x64.ActiveCfg = Debug|iPhone
		{CFEA25DF-A103-4DF2-937E-BD97DDE57680}.Debug|x86.ActiveCfg = Debug|iPhone
		{CFEA25DF-A103-4DF2-937E-BD97DDE57680}.Release|Any CPU.ActiveCfg = Release|iPhone
		{CFEA25DF-A103-4DF2-937E-BD97DDE57680}.Release|Any CPU.Build.0 = Release|iPhone
		{CFEA25DF-A103-4DF2-937E-BD97DDE57680}.Release|ARM.ActiveCfg = Release|iPhoneSimulator
		{CFEA25DF-A103-4DF2-937E-BD97DDE57680}.Release|iPhone.ActiveCfg = Release|iPhone
		{CFEA25DF-A103-4DF2-937E-BD97DDE57680}.Release|iPhone.Build.0 = Release|iPhone
		{CFEA25DF-A103-4DF2-937E-BD97DDE57680}.Release|iPhoneSimulator.ActiveCfg = Release|iPhoneSimulator
		{CFEA25DF-A103-4DF2-937E-BD97DDE57680}.Release|iPhoneSimulator.Build.0 = Release|iPhoneSimulator
		{CFEA25DF-A103-4DF2-937E-BD97DDE57680}.Release|x64.ActiveCfg = Release|iPhoneSimulator
		{CFEA25DF-A103-4DF2-937E-BD97DDE57680}.Release|x86.ActiveCfg = Release|iPhoneSimulator
		{C9B3C591-145B-4237-B978-183A26FA0048}.Debug|Any CPU.ActiveCfg = Debug|Any CPU
		{C9B3C591-145B-4237-B978-183A26FA0048}.Debug|Any CPU.Build.0 = Debug|Any CPU
		{C9B3C591-145B-4237-B978-183A26FA0048}.Debug|Any CPU.Deploy.0 = Debug|Any CPU
		{C9B3C591-145B-4237-B978-183A26FA0048}.Debug|ARM.ActiveCfg = Debug|Any CPU
		{C9B3C591-145B-4237-B978-183A26FA0048}.Debug|ARM.Build.0 = Debug|Any CPU
		{C9B3C591-145B-4237-B978-183A26FA0048}.Debug|ARM.Deploy.0 = Debug|Any CPU
		{C9B3C591-145B-4237-B978-183A26FA0048}.Debug|iPhone.ActiveCfg = Debug|Any CPU
		{C9B3C591-145B-4237-B978-183A26FA0048}.Debug|iPhone.Build.0 = Debug|Any CPU
		{C9B3C591-145B-4237-B978-183A26FA0048}.Debug|iPhoneSimulator.ActiveCfg = Debug|Any CPU
		{C9B3C591-145B-4237-B978-183A26FA0048}.Debug|iPhoneSimulator.Build.0 = Debug|Any CPU
		{C9B3C591-145B-4237-B978-183A26FA0048}.Debug|x64.ActiveCfg = Debug|Any CPU
		{C9B3C591-145B-4237-B978-183A26FA0048}.Debug|x64.Build.0 = Debug|Any CPU
		{C9B3C591-145B-4237-B978-183A26FA0048}.Debug|x64.Deploy.0 = Debug|Any CPU
		{C9B3C591-145B-4237-B978-183A26FA0048}.Debug|x86.ActiveCfg = Debug|Any CPU
		{C9B3C591-145B-4237-B978-183A26FA0048}.Debug|x86.Build.0 = Debug|Any CPU
		{C9B3C591-145B-4237-B978-183A26FA0048}.Debug|x86.Deploy.0 = Debug|Any CPU
		{C9B3C591-145B-4237-B978-183A26FA0048}.Release|Any CPU.ActiveCfg = Release|Any CPU
		{C9B3C591-145B-4237-B978-183A26FA0048}.Release|Any CPU.Build.0 = Release|Any CPU
		{C9B3C591-145B-4237-B978-183A26FA0048}.Release|ARM.ActiveCfg = Release|Any CPU
		{C9B3C591-145B-4237-B978-183A26FA0048}.Release|ARM.Build.0 = Release|Any CPU
		{C9B3C591-145B-4237-B978-183A26FA0048}.Release|ARM.Deploy.0 = Release|Any CPU
		{C9B3C591-145B-4237-B978-183A26FA0048}.Release|iPhone.ActiveCfg = Release|Any CPU
		{C9B3C591-145B-4237-B978-183A26FA0048}.Release|iPhone.Build.0 = Release|Any CPU
		{C9B3C591-145B-4237-B978-183A26FA0048}.Release|iPhoneSimulator.ActiveCfg = Release|Any CPU
		{C9B3C591-145B-4237-B978-183A26FA0048}.Release|iPhoneSimulator.Build.0 = Release|Any CPU
		{C9B3C591-145B-4237-B978-183A26FA0048}.Release|x64.ActiveCfg = Release|Any CPU
		{C9B3C591-145B-4237-B978-183A26FA0048}.Release|x64.Build.0 = Release|Any CPU
		{C9B3C591-145B-4237-B978-183A26FA0048}.Release|x64.Deploy.0 = Release|Any CPU
		{C9B3C591-145B-4237-B978-183A26FA0048}.Release|x86.ActiveCfg = Release|Any CPU
		{C9B3C591-145B-4237-B978-183A26FA0048}.Release|x86.Build.0 = Release|Any CPU
		{C9B3C591-145B-4237-B978-183A26FA0048}.Release|x86.Deploy.0 = Release|Any CPU
	EndGlobalSection
	GlobalSection(SolutionProperties) = preSolution
		HideSolutionNode = FALSE
	EndGlobalSection
EndGlobal
